
Microsoft Visual Studio Solution File, Format Version 12.00
# Visual Studio Version 17
VisualStudioVersion = 17.11.35208.52
MinimumVisualStudioVersion = 10.0.40219.1
Project("{FAE04EC0-301F-11D3-BF4B-00C04F79EFBC}") = "Evaluacion", "Evaluacion\Evaluacion.csproj", "{84F63E6D-6D2F-4D32-99FC-A0751BE0FCB2}"
EndProject
Global
	GlobalSection(SolutionConfigurationPlatforms) = preSolution
		Debug|Any CPU = Debug|Any CPU
		Release|Any CPU = Release|Any CPU
	EndGlobalSection
	GlobalSection(ProjectConfigurationPlatforms) = postSolution
		{84F63E6D-6D2F-4D32-99FC-A0751BE0FCB2}.Debug|Any CPU.ActiveCfg = Debug|Any CPU
		{84F63E6D-6D2F-4D32-99FC-A0751BE0FCB2}.Debug|Any CPU.Build.0 = Debug|Any CPU
		{84F63E6D-6D2F-4D32-99FC-A0751BE0FCB2}.Release|Any CPU.ActiveCfg = Release|Any CPU
		{84F63E6D-6D2F-4D32-99FC-A0751BE0FCB2}.Release|Any CPU.Build.0 = Release|Any CPU
	EndGlobalSection
	GlobalSection(SolutionProperties) = preSolution
		HideSolutionNode = FALSE
	EndGlobalSection
	GlobalSection(ExtensibilityGlobals) = postSolution
		SolutionGuid = {655FE8FC-6C4C-4810-A722-FECECF254AF7}
	EndGlobalSection
EndGlobal
